
Microsoft Visual Studio Solution File, Format Version 12.00
# Visual Studio Version 17
VisualStudioVersion = 17.11.35312.102
MinimumVisualStudioVersion = 10.0.40219.1
Project("{2150E333-8FDC-42A3-9474-1A3956D46DE8}") = "Task0", "Task0", "{63459AE8-7F0D-4ABD-A191-2042F95D44DF}"
EndProject
Project("{FAE04EC0-301F-11D3-BF4B-00C04F79EFBC}") = "Tyuiu.GorohovAI.Sprint0.Task0.V0", "Tyuiu.GorohovAI.Sprint0.Task0.V0\Tyuiu.GorohovAI.Sprint0.Task0.V0.csproj", "{CB4BE94E-B9CB-46AB-BB21-A83D3C0916CC}"
EndProject
Project("{2150E333-8FDC-42A3-9474-1A3956D46DE8}") = "Task1", "Task1", "{2880AF10-6D0B-4A9C-99D9-D518FDC55CCD}"
EndProject
Project("{FAE04EC0-301F-11D3-BF4B-00C04F79EFBC}") = "Tyuiu.GorohovAI.Sprint0.Task1.V0", "Tyuiu.GorohovAI.Sprint0.Task1.V0\Tyuiu.GorohovAI.Sprint0.Task1.V0.csproj", "{87ED6054-ADB8-4AB9-A908-A36A2DE1A716}"
EndProject
Project("{2150E333-8FDC-42A3-9474-1A3956D46DE8}") = "Task2", "Task2", "{8595093E-D03A-4A3C-B600-58324EF0D764}"
EndProject
Project("{FAE04EC0-301F-11D3-BF4B-00C04F79EFBC}") = "Tyuiu.GorohovAI.Sprint0.Task2.V0", "Tyuiu.GorohovAI.Sprint0.Task2.V0\Tyuiu.GorohovAI.Sprint0.Task2.V0.csproj", "{305D054F-775D-4C42-A20C-912F14673110}"
EndProject
Project("{FAE04EC0-301F-11D3-BF4B-00C04F79EFBC}") = "Tyuiu.GorohovAI.Sprint0.Task2.V0.Lib", "Tyuiu.GorohovAI.Sprint0.Task2.V0.Lib\Tyuiu.GorohovAI.Sprint0.Task2.V0.Lib.csproj", "{1C44BE38-A87A-4861-B0DF-3C016F2A7357}"
EndProject
Project("{FAE04EC0-301F-11D3-BF4B-00C04F79EFBC}") = "Tyuiu.GorohovAI.Sprint0.Task2.V0.Test", "Tyuiu.GorohovAI.Sprint0.Task2.V0.Test\Tyuiu.GorohovAI.Sprint0.Task2.V0.Test.csproj", "{C873FC75-67FA-45DE-AC09-42C204C7DFB0}"
EndProject
Project("{9A19103F-16F7-4668-BE54-9A1E7A4F7556}") = "Tyuiu.GorohovAI.Sprint0.Task3.V0.Lib", "Tyuiu.GorohovAI.Sprint0.Task3.V0.Lib\Tyuiu.GorohovAI.Sprint0.Task3.V0.Lib.csproj", "{C227CE6C-A085-4019-B8EE-C8057D2EE1ED}"
EndProject
Project("{9A19103F-16F7-4668-BE54-9A1E7A4F7556}") = "Tyuiu.GorohovAI.Sprint0.Task3.V0", "Tyuiu.GorohovAI.Sprint0.Task3.V0\Tyuiu.GorohovAI.Sprint0.Task3.V0.csproj", "{7B4A04BF-0D49-44E4-9DE2-302F2B6D4903}"
EndProject
Project("{9A19103F-16F7-4668-BE54-9A1E7A4F7556}") = "Tyuiu.GorohovAI.Sprint0.Task3.V0.Test", "Tyuiu.GorohovAI.Sprint0.Task3.V0.Test\Tyuiu.GorohovAI.Sprint0.Task3.V0.Test.csproj", "{27B930FA-B4B2-4353-9181-DE52520C3D84}"
EndProject
Project("{2150E333-8FDC-42A3-9474-1A3956D46DE8}") = "Task3", "Task3", "{489BDF12-F1C8-45ED-9973-536A7DD41774}"
EndProject
Project("{9A19103F-16F7-4668-BE54-9A1E7A4F7556}") = "Tyuiu.GorohovAI.Sprint0.Task4.V0.Lib", "Tyuiu.GorohovAI.Sprint0.Task4.V0.Lib\Tyuiu.GorohovAI.Sprint0.Task4.V0.Lib.csproj", "{5BCAEAA6-7FA3-4A0F-973E-AE785038EDE3}"
EndProject
Project("{9A19103F-16F7-4668-BE54-9A1E7A4F7556}") = "Tyuiu.GorohovAI.Sprint0.Task4.V0", "Tyuiu.GorohovAI.Sprint0.Task4.V0\Tyuiu.GorohovAI.Sprint0.Task4.V0.csproj", "{71D85F22-394B-4F65-89A0-DFCF1FBACC0F}"
EndProject
Project("{9A19103F-16F7-4668-BE54-9A1E7A4F7556}") = "Tyuiu.GorohovAI.Sprint0.Task4.V0.Test", "Tyuiu.GorohovAI.Sprint0.Task4.V0.Test\Tyuiu.GorohovAI.Sprint0.Task4.V0.Test.csproj", "{C35237A9-41FD-4CCA-BA9E-6F3689DFB5D7}"
EndProject
Project("{9A19103F-16F7-4668-BE54-9A1E7A4F7556}") = "Tyuiu.GorohovAI.Sprint0.Task5.V0.Lib", "Tyuiu.GorohovAI.Sprint0.Task5.V0.Lib\Tyuiu.GorohovAI.Sprint0.Task5.V0.Lib.csproj", "{E4D2561E-8D63-4B1D-8A54-93585E5537FD}"
EndProject
Project("{9A19103F-16F7-4668-BE54-9A1E7A4F7556}") = "Tyuiu.GorohovAI.Sprint0.Task5.V0", "Tyuiu.GorohovAI.Sprint0.Task5.V0\Tyuiu.GorohovAI.Sprint0.Task5.V0.csproj", "{F30832B3-FEC1-41FF-8738-9F579F1F7A6B}"
EndProject
Project("{9A19103F-16F7-4668-BE54-9A1E7A4F7556}") = "Tyuiu.GorohovAI.Sprint0.Task5.V0.Test", "Tyuiu.GorohovAI.Sprint0.Task5.V0.Test\Tyuiu.GorohovAI.Sprint0.Task5.V0.Test.csproj", "{D8783AE4-AA5D-426D-B9DC-ED264FE4FEEB}"
EndProject
Project("{9A19103F-16F7-4668-BE54-9A1E7A4F7556}") = "Tyuiu.GorohovAI.Sprint0.Task6.V0.Lib", "Tyuiu.GorohovAI.Sprint0.Task6.V0.Lib\Tyuiu.GorohovAI.Sprint0.Task6.V0.Lib.csproj", "{B627F2E0-0A58-4E70-AF09-F02A45BF4F2F}"
EndProject
Project("{9A19103F-16F7-4668-BE54-9A1E7A4F7556}") = "Tyuiu.GorohovAI.Sprint0.Task6.V0", "Tyuiu.GorohovAI.Sprint0.Task6.V0\Tyuiu.GorohovAI.Sprint0.Task6.V0.csproj", "{ED145705-62CE-4E9F-BA91-7E813FBC472F}"
EndProject
Project("{9A19103F-16F7-4668-BE54-9A1E7A4F7556}") = "Tyuiu.GorohovAI.Sprint0.Task6.V0.Test", "Tyuiu.GorohovAI.Sprint0.Task6.V0.Test\Tyuiu.GorohovAI.Sprint0.Task6.V0.Test.csproj", "{017B2423-8A9C-497C-8A8A-2AB22F3BF158}"
EndProject
Project("{9A19103F-16F7-4668-BE54-9A1E7A4F7556}") = "Tyuiu.GorohovAI.Sprint0.Task7.V0.Lib", "Tyuiu.GorohovAI.Sprint0.Task7.V0.Lib\Tyuiu.GorohovAI.Sprint0.Task7.V0.Lib.csproj", "{9A4FB134-1F4E-4AFF-8A56-65F05ED8D7ED}"
EndProject
Project("{9A19103F-16F7-4668-BE54-9A1E7A4F7556}") = "Tyuiu.GorohovAI.Sprint0.Task7.V0", "Tyuiu.GorohovAI.Sprint0.Task7.V0\Tyuiu.GorohovAI.Sprint0.Task7.V0.csproj", "{46E7057A-4257-4A9B-8795-F087BE77206A}"
EndProject
Project("{9A19103F-16F7-4668-BE54-9A1E7A4F7556}") = "Tyuiu.GorohovAI.Sprint0.Task7.V0.Test", "Tyuiu.GorohovAI.Sprint0.Task7.V0.Test\Tyuiu.GorohovAI.Sprint0.Task7.V0.Test.csproj", "{9A10CF93-8550-45BF-9795-49A4CE7C55FF}"
EndProject
Project("{2150E333-8FDC-42A3-9474-1A3956D46DE8}") = "Task4", "Task4", "{84251E79-BAB8-4F8C-8BCB-24ED91976145}"
EndProject
Project("{2150E333-8FDC-42A3-9474-1A3956D46DE8}") = "Task5", "Task5", "{95D02BA9-05A4-4861-9904-E5E0497CBA30}"
EndProject
Project("{2150E333-8FDC-42A3-9474-1A3956D46DE8}") = "Task6", "Task6", "{11C1407E-966B-479F-8EAD-46DA99EB320E}"
EndProject
Project("{2150E333-8FDC-42A3-9474-1A3956D46DE8}") = "Task7", "Task7", "{5331C6A7-CC36-44C7-AD93-781B7615F3DA}"
EndProject
Global
	GlobalSection(SolutionConfigurationPlatforms) = preSolution
		Debug|Any CPU = Debug|Any CPU
		Release|Any CPU = Release|Any CPU
	EndGlobalSection
	GlobalSection(ProjectConfigurationPlatforms) = postSolution
		{CB4BE94E-B9CB-46AB-BB21-A83D3C0916CC}.Debug|Any CPU.ActiveCfg = Debug|Any CPU
		{CB4BE94E-B9CB-46AB-BB21-A83D3C0916CC}.Debug|Any CPU.Build.0 = Debug|Any CPU
		{CB4BE94E-B9CB-46AB-BB21-A83D3C0916CC}.Release|Any CPU.ActiveCfg = Release|Any CPU
		{CB4BE94E-B9CB-46AB-BB21-A83D3C0916CC}.Release|Any CPU.Build.0 = Release|Any CPU
		{87ED6054-ADB8-4AB9-A908-A36A2DE1A716}.Debug|Any CPU.ActiveCfg = Debug|Any CPU
		{87ED6054-ADB8-4AB9-A908-A36A2DE1A716}.Debug|Any CPU.Build.0 = Debug|Any CPU
		{87ED6054-ADB8-4AB9-A908-A36A2DE1A716}.Release|Any CPU.ActiveCfg = Release|Any CPU
		{87ED6054-ADB8-4AB9-A908-A36A2DE1A716}.Release|Any CPU.Build.0 = Release|Any CPU
		{305D054F-775D-4C42-A20C-912F14673110}.Debug|Any CPU.ActiveCfg = Debug|Any CPU
		{305D054F-775D-4C42-A20C-912F14673110}.Debug|Any CPU.Build.0 = Debug|Any CPU
		{305D054F-775D-4C42-A20C-912F14673110}.Release|Any CPU.ActiveCfg = Release|Any CPU
		{305D054F-775D-4C42-A20C-912F14673110}.Release|Any CPU.Build.0 = Release|Any CPU
		{1C44BE38-A87A-4861-B0DF-3C016F2A7357}.Debug|Any CPU.ActiveCfg = Debug|Any CPU
		{1C44BE38-A87A-4861-B0DF-3C016F2A7357}.Debug|Any CPU.Build.0 = Debug|Any CPU
		{1C44BE38-A87A-4861-B0DF-3C016F2A7357}.Release|Any CPU.ActiveCfg = Release|Any CPU
		{1C44BE38-A87A-4861-B0DF-3C016F2A7357}.Release|Any CPU.Build.0 = Release|Any CPU
		{C873FC75-67FA-45DE-AC09-42C204C7DFB0}.Debug|Any CPU.ActiveCfg = Debug|Any CPU
		{C873FC75-67FA-45DE-AC09-42C204C7DFB0}.Debug|Any CPU.Build.0 = Debug|Any CPU
		{C873FC75-67FA-45DE-AC09-42C204C7DFB0}.Release|Any CPU.ActiveCfg = Release|Any CPU
		{C873FC75-67FA-45DE-AC09-42C204C7DFB0}.Release|Any CPU.Build.0 = Release|Any CPU
		{C227CE6C-A085-4019-B8EE-C8057D2EE1ED}.Debug|Any CPU.ActiveCfg = Debug|Any CPU
		{C227CE6C-A085-4019-B8EE-C8057D2EE1ED}.Debug|Any CPU.Build.0 = Debug|Any CPU
		{C227CE6C-A085-4019-B8EE-C8057D2EE1ED}.Release|Any CPU.ActiveCfg = Release|Any CPU
		{C227CE6C-A085-4019-B8EE-C8057D2EE1ED}.Release|Any CPU.Build.0 = Release|Any CPU
		{7B4A04BF-0D49-44E4-9DE2-302F2B6D4903}.Debug|Any CPU.ActiveCfg = Debug|Any CPU
		{7B4A04BF-0D49-44E4-9DE2-302F2B6D4903}.Debug|Any CPU.Build.0 = Debug|Any CPU
		{7B4A04BF-0D49-44E4-9DE2-302F2B6D4903}.Release|Any CPU.ActiveCfg = Release|Any CPU
		{7B4A04BF-0D49-44E4-9DE2-302F2B6D4903}.Release|Any CPU.Build.0 = Release|Any CPU
		{27B930FA-B4B2-4353-9181-DE52520C3D84}.Debug|Any CPU.ActiveCfg = Debug|Any CPU
		{27B930FA-B4B2-4353-9181-DE52520C3D84}.Debug|Any CPU.Build.0 = Debug|Any CPU
		{27B930FA-B4B2-4353-9181-DE52520C3D84}.Release|Any CPU.ActiveCfg = Release|Any CPU
		{27B930FA-B4B2-4353-9181-DE52520C3D84}.Release|Any CPU.Build.0 = Release|Any CPU
		{5BCAEAA6-7FA3-4A0F-973E-AE785038EDE3}.Debug|Any CPU.ActiveCfg = Debug|Any CPU
		{5BCAEAA6-7FA3-4A0F-973E-AE785038EDE3}.Debug|Any CPU.Build.0 = Debug|Any CPU
		{5BCAEAA6-7FA3-4A0F-973E-AE785038EDE3}.Release|Any CPU.ActiveCfg = Release|Any CPU
		{5BCAEAA6-7FA3-4A0F-973E-AE785038EDE3}.Release|Any CPU.Build.0 = Release|Any CPU
		{71D85F22-394B-4F65-89A0-DFCF1FBACC0F}.Debug|Any CPU.ActiveCfg = Debug|Any CPU
		{71D85F22-394B-4F65-89A0-DFCF1FBACC0F}.Debug|Any CPU.Build.0 = Debug|Any CPU
		{71D85F22-394B-4F65-89A0-DFCF1FBACC0F}.Release|Any CPU.ActiveCfg = Release|Any CPU
		{71D85F22-394B-4F65-89A0-DFCF1FBACC0F}.Release|Any CPU.Build.0 = Release|Any CPU
		{C35237A9-41FD-4CCA-BA9E-6F3689DFB5D7}.Debug|Any CPU.ActiveCfg = Debug|Any CPU
		{C35237A9-41FD-4CCA-BA9E-6F3689DFB5D7}.Debug|Any CPU.Build.0 = Debug|Any CPU
		{C35237A9-41FD-4CCA-BA9E-6F3689DFB5D7}.Release|Any CPU.ActiveCfg = Release|Any CPU
		{C35237A9-41FD-4CCA-BA9E-6F3689DFB5D7}.Release|Any CPU.Build.0 = Release|Any CPU
		{E4D2561E-8D63-4B1D-8A54-93585E5537FD}.Debug|Any CPU.ActiveCfg = Debug|Any CPU
		{E4D2561E-8D63-4B1D-8A54-93585E5537FD}.Debug|Any CPU.Build.0 = Debug|Any CPU
		{E4D2561E-8D63-4B1D-8A54-93585E5537FD}.Release|Any CPU.ActiveCfg = Release|Any CPU
		{E4D2561E-8D63-4B1D-8A54-93585E5537FD}.Release|Any CPU.Build.0 = Release|Any CPU
		{F30832B3-FEC1-41FF-8738-9F579F1F7A6B}.Debug|Any CPU.ActiveCfg = Debug|Any CPU
		{F30832B3-FEC1-41FF-8738-9F579F1F7A6B}.Debug|Any CPU.Build.0 = Debug|Any CPU
		{F30832B3-FEC1-41FF-8738-9F579F1F7A6B}.Release|Any CPU.ActiveCfg = Release|Any CPU
		{F30832B3-FEC1-41FF-8738-9F579F1F7A6B}.Release|Any CPU.Build.0 = Release|Any CPU
		{D8783AE4-AA5D-426D-B9DC-ED264FE4FEEB}.Debug|Any CPU.ActiveCfg = Debug|Any CPU
		{D8783AE4-AA5D-426D-B9DC-ED264FE4FEEB}.Debug|Any CPU.Build.0 = Debug|Any CPU
		{D8783AE4-AA5D-426D-B9DC-ED264FE4FEEB}.Release|Any CPU.ActiveCfg = Release|Any CPU
		{D8783AE4-AA5D-426D-B9DC-ED264FE4FEEB}.Release|Any CPU.Build.0 = Release|Any CPU
		{B627F2E0-0A58-4E70-AF09-F02A45BF4F2F}.Debug|Any CPU.ActiveCfg = Debug|Any CPU
		{B627F2E0-0A58-4E70-AF09-F02A45BF4F2F}.Debug|Any CPU.Build.0 = Debug|Any CPU
		{B627F2E0-0A58-4E70-AF09-F02A45BF4F2F}.Release|Any CPU.ActiveCfg = Release|Any CPU
		{B627F2E0-0A58-4E70-AF09-F02A45BF4F2F}.Release|Any CPU.Build.0 = Release|Any CPU
		{ED145705-62CE-4E9F-BA91-7E813FBC472F}.Debug|Any CPU.ActiveCfg = Debug|Any CPU
		{ED145705-62CE-4E9F-BA91-7E813FBC472F}.Debug|Any CPU.Build.0 = Debug|Any CPU
		{ED145705-62CE-4E9F-BA91-7E813FBC472F}.Release|Any CPU.ActiveCfg = Release|Any CPU
		{ED145705-62CE-4E9F-BA91-7E813FBC472F}.Release|Any CPU.Build.0 = Release|Any CPU
		{017B2423-8A9C-497C-8A8A-2AB22F3BF158}.Debug|Any CPU.ActiveCfg = Debug|Any CPU
		{017B2423-8A9C-497C-8A8A-2AB22F3BF158}.Debug|Any CPU.Build.0 = Debug|Any CPU
		{017B2423-8A9C-497C-8A8A-2AB22F3BF158}.Release|Any CPU.ActiveCfg = Release|Any CPU
		{017B2423-8A9C-497C-8A8A-2AB22F3BF158}.Release|Any CPU.Build.0 = Release|Any CPU
		{9A4FB134-1F4E-4AFF-8A56-65F05ED8D7ED}.Debug|Any CPU.ActiveCfg = Debug|Any CPU
		{9A4FB134-1F4E-4AFF-8A56-65F05ED8D7ED}.Debug|Any CPU.Build.0 = Debug|Any CPU
		{9A4FB134-1F4E-4AFF-8A56-65F05ED8D7ED}.Release|Any CPU.ActiveCfg = Release|Any CPU
		{9A4FB134-1F4E-4AFF-8A56-65F05ED8D7ED}.Release|Any CPU.Build.0 = Release|Any CPU
		{46E7057A-4257-4A9B-8795-F087BE77206A}.Debug|Any CPU.ActiveCfg = Debug|Any CPU
		{46E7057A-4257-4A9B-8795-F087BE77206A}.Debug|Any CPU.Build.0 = Debug|Any CPU
		{46E7057A-4257-4A9B-8795-F087BE77206A}.Release|Any CPU.ActiveCfg = Release|Any CPU
		{46E7057A-4257-4A9B-8795-F087BE77206A}.Release|Any CPU.Build.0 = Release|Any CPU
		{9A10CF93-8550-45BF-9795-49A4CE7C55FF}.Debug|Any CPU.ActiveCfg = Debug|Any CPU
		{9A10CF93-8550-45BF-9795-49A4CE7C55FF}.Debug|Any CPU.Build.0 = Debug|Any CPU
		{9A10CF93-8550-45BF-9795-49A4CE7C55FF}.Release|Any CPU.ActiveCfg = Release|Any CPU
		{9A10CF93-8550-45BF-9795-49A4CE7C55FF}.Release|Any CPU.Build.0 = Release|Any CPU
	EndGlobalSection
	GlobalSection(SolutionProperties) = preSolution
		HideSolutionNode = FALSE
	EndGlobalSection
	GlobalSection(NestedProjects) = preSolution
		{CB4BE94E-B9CB-46AB-BB21-A83D3C0916CC} = {63459AE8-7F0D-4ABD-A191-2042F95D44DF}
		{87ED6054-ADB8-4AB9-A908-A36A2DE1A716} = {2880AF10-6D0B-4A9C-99D9-D518FDC55CCD}
		{305D054F-775D-4C42-A20C-912F14673110} = {8595093E-D03A-4A3C-B600-58324EF0D764}
		{1C44BE38-A87A-4861-B0DF-3C016F2A7357} = {8595093E-D03A-4A3C-B600-58324EF0D764}
		{C873FC75-67FA-45DE-AC09-42C204C7DFB0} = {8595093E-D03A-4A3C-B600-58324EF0D764}
		{C227CE6C-A085-4019-B8EE-C8057D2EE1ED} = {489BDF12-F1C8-45ED-9973-536A7DD41774}
		{7B4A04BF-0D49-44E4-9DE2-302F2B6D4903} = {489BDF12-F1C8-45ED-9973-536A7DD41774}
		{27B930FA-B4B2-4353-9181-DE52520C3D84} = {489BDF12-F1C8-45ED-9973-536A7DD41774}
		{5BCAEAA6-7FA3-4A0F-973E-AE785038EDE3} = {84251E79-BAB8-4F8C-8BCB-24ED91976145}
		{71D85F22-394B-4F65-89A0-DFCF1FBACC0F} = {84251E79-BAB8-4F8C-8BCB-24ED91976145}
		{C35237A9-41FD-4CCA-BA9E-6F3689DFB5D7} = {84251E79-BAB8-4F8C-8BCB-24ED91976145}
		{E4D2561E-8D63-4B1D-8A54-93585E5537FD} = {95D02BA9-05A4-4861-9904-E5E0497CBA30}
		{F30832B3-FEC1-41FF-8738-9F579F1F7A6B} = {95D02BA9-05A4-4861-9904-E5E0497CBA30}
		{D8783AE4-AA5D-426D-B9DC-ED264FE4FEEB} = {95D02BA9-05A4-4861-9904-E5E0497CBA30}
		{B627F2E0-0A58-4E70-AF09-F02A45BF4F2F} = {11C1407E-966B-479F-8EAD-46DA99EB320E}
		{ED145705-62CE-4E9F-BA91-7E813FBC472F} = {11C1407E-966B-479F-8EAD-46DA99EB320E}
		{017B2423-8A9C-497C-8A8A-2AB22F3BF158} = {11C1407E-966B-479F-8EAD-46DA99EB320E}
		{9A4FB134-1F4E-4AFF-8A56-65F05ED8D7ED} = {5331C6A7-CC36-44C7-AD93-781B7615F3DA}
		{46E7057A-4257-4A9B-8795-F087BE77206A} = {5331C6A7-CC36-44C7-AD93-781B7615F3DA}
		{9A10CF93-8550-45BF-9795-49A4CE7C55FF} = {5331C6A7-CC36-44C7-AD93-781B7615F3DA}
	EndGlobalSection
	GlobalSection(ExtensibilityGlobals) = postSolution
		SolutionGuid = {E7FC4BBB-2B32-4D3E-A8A4-A434FA506450}
	EndGlobalSection
EndGlobal
