
Microsoft Visual Studio Solution File, Format Version 12.00
# Visual Studio Version 17
VisualStudioVersion = 17.11.35312.102
MinimumVisualStudioVersion = 10.0.40219.1
Project("{2150E333-8FDC-42A3-9474-1A3956D46DE8}") = "Task0", "Task0", "{63459AE8-7F0D-4ABD-A191-2042F95D44DF}"
EndProject
Project("{FAE04EC0-301F-11D3-BF4B-00C04F79EFBC}") = "Tyuiu.GorohovAI.Sprint0.Task0.V0", "Tyuiu.GorohovAI.Sprint0.Task0.V0\Tyuiu.GorohovAI.Sprint0.Task0.V0.csproj", "{CB4BE94E-B9CB-46AB-BB21-A83D3C0916CC}"
EndProject
Project("{2150E333-8FDC-42A3-9474-1A3956D46DE8}") = "Task1", "Task1", "{2880AF10-6D0B-4A9C-99D9-D518FDC55CCD}"
EndProject
Project("{FAE04EC0-301F-11D3-BF4B-00C04F79EFBC}") = "Tyuiu.GorohovAI.Sprint0.Task1.V0", "Tyuiu.GorohovAI.Sprint0.Task1.V0\Tyuiu.GorohovAI.Sprint0.Task1.V0.csproj", "{87ED6054-ADB8-4AB9-A908-A36A2DE1A716}"
EndProject
Project("{2150E333-8FDC-42A3-9474-1A3956D46DE8}") = "Task2", "Task2", "{8595093E-D03A-4A3C-B600-58324EF0D764}"
EndProject
Project("{FAE04EC0-301F-11D3-BF4B-00C04F79EFBC}") = "Tyuiu.GorohovAI.Sprint0.Task2.V0", "Tyuiu.GorohovAI.Sprint0.Task2.V0\Tyuiu.GorohovAI.Sprint0.Task2.V0.csproj", "{305D054F-775D-4C42-A20C-912F14673110}"
EndProject
Project("{FAE04EC0-301F-11D3-BF4B-00C04F79EFBC}") = "Tyuiu.GorohovAI.Sprint0.Task2.V0.Lib", "Tyuiu.GorohovAI.Sprint0.Task2.V0.Lib\Tyuiu.GorohovAI.Sprint0.Task2.V0.Lib.csproj", "{1C44BE38-A87A-4861-B0DF-3C016F2A7357}"
EndProject
Project("{FAE04EC0-301F-11D3-BF4B-00C04F79EFBC}") = "Tyuiu.GorohovAI.Sprint0.Task2.V0.Test", "Tyuiu.GorohovAI.Sprint0.Task2.V0.Test\Tyuiu.GorohovAI.Sprint0.Task2.V0.Test.csproj", "{C873FC75-67FA-45DE-AC09-42C204C7DFB0}"
EndProject
Project("{9A19103F-16F7-4668-BE54-9A1E7A4F7556}") = "Tyuiu.GorohovAI.Sprint0.Task3.V0.Lib", "Tyuiu.GorohovAI.Sprint0.Task3.V0.Lib\Tyuiu.GorohovAI.Sprint0.Task3.V0.Lib.csproj", "{C227CE6C-A085-4019-B8EE-C8057D2EE1ED}"
EndProject
Project("{9A19103F-16F7-4668-BE54-9A1E7A4F7556}") = "Tyuiu.GorohovAI.Sprint0.Task3.V0", "Tyuiu.GorohovAI.Sprint0.Task3.V0\Tyuiu.GorohovAI.Sprint0.Task3.V0.csproj", "{7B4A04BF-0D49-44E4-9DE2-302F2B6D4903}"
EndProject
Project("{9A19103F-16F7-4668-BE54-9A1E7A4F7556}") = "Tyuiu.GorohovAI.Sprint0.Task3.V0.Test", "Tyuiu.GorohovAI.Sprint0.Task3.V0.Test\Tyuiu.GorohovAI.Sprint0.Task3.V0.Test.csproj", "{27B930FA-B4B2-4353-9181-DE52520C3D84}"
EndProject
Project("{2150E333-8FDC-42A3-9474-1A3956D46DE8}") = "Task3", "Task3", "{489BDF12-F1C8-45ED-9973-536A7DD41774}"
EndProject
Global
	GlobalSection(SolutionConfigurationPlatforms) = preSolution
		Debug|Any CPU = Debug|Any CPU
		Release|Any CPU = Release|Any CPU
	EndGlobalSection
	GlobalSection(ProjectConfigurationPlatforms) = postSolution
		{CB4BE94E-B9CB-46AB-BB21-A83D3C0916CC}.Debug|Any CPU.ActiveCfg = Debug|Any CPU
		{CB4BE94E-B9CB-46AB-BB21-A83D3C0916CC}.Debug|Any CPU.Build.0 = Debug|Any CPU
		{CB4BE94E-B9CB-46AB-BB21-A83D3C0916CC}.Release|Any CPU.ActiveCfg = Release|Any CPU
		{CB4BE94E-B9CB-46AB-BB21-A83D3C0916CC}.Release|Any CPU.Build.0 = Release|Any CPU
		{87ED6054-ADB8-4AB9-A908-A36A2DE1A716}.Debug|Any CPU.ActiveCfg = Debug|Any CPU
		{87ED6054-ADB8-4AB9-A908-A36A2DE1A716}.Debug|Any CPU.Build.0 = Debug|Any CPU
		{87ED6054-ADB8-4AB9-A908-A36A2DE1A716}.Release|Any CPU.ActiveCfg = Release|Any CPU
		{87ED6054-ADB8-4AB9-A908-A36A2DE1A716}.Release|Any CPU.Build.0 = Release|Any CPU
		{305D054F-775D-4C42-A20C-912F14673110}.Debug|Any CPU.ActiveCfg = Debug|Any CPU
		{305D054F-775D-4C42-A20C-912F14673110}.Debug|Any CPU.Build.0 = Debug|Any CPU
		{305D054F-775D-4C42-A20C-912F14673110}.Release|Any CPU.ActiveCfg = Release|Any CPU
		{305D054F-775D-4C42-A20C-912F14673110}.Release|Any CPU.Build.0 = Release|Any CPU
		{1C44BE38-A87A-4861-B0DF-3C016F2A7357}.Debug|Any CPU.ActiveCfg = Debug|Any CPU
		{1C44BE38-A87A-4861-B0DF-3C016F2A7357}.Debug|Any CPU.Build.0 = Debug|Any CPU
		{1C44BE38-A87A-4861-B0DF-3C016F2A7357}.Release|Any CPU.ActiveCfg = Release|Any CPU
		{1C44BE38-A87A-4861-B0DF-3C016F2A7357}.Release|Any CPU.Build.0 = Release|Any CPU
		{C873FC75-67FA-45DE-AC09-42C204C7DFB0}.Debug|Any CPU.ActiveCfg = Debug|Any CPU
		{C873FC75-67FA-45DE-AC09-42C204C7DFB0}.Debug|Any CPU.Build.0 = Debug|Any CPU
		{C873FC75-67FA-45DE-AC09-42C204C7DFB0}.Release|Any CPU.ActiveCfg = Release|Any CPU
		{C873FC75-67FA-45DE-AC09-42C204C7DFB0}.Release|Any CPU.Build.0 = Release|Any CPU
		{C227CE6C-A085-4019-B8EE-C8057D2EE1ED}.Debug|Any CPU.ActiveCfg = Debug|Any CPU
		{C227CE6C-A085-4019-B8EE-C8057D2EE1ED}.Debug|Any CPU.Build.0 = Debug|Any CPU
		{C227CE6C-A085-4019-B8EE-C8057D2EE1ED}.Release|Any CPU.ActiveCfg = Release|Any CPU
		{C227CE6C-A085-4019-B8EE-C8057D2EE1ED}.Release|Any CPU.Build.0 = Release|Any CPU
		{7B4A04BF-0D49-44E4-9DE2-302F2B6D4903}.Debug|Any CPU.ActiveCfg = Debug|Any CPU
		{7B4A04BF-0D49-44E4-9DE2-302F2B6D4903}.Debug|Any CPU.Build.0 = Debug|Any CPU
		{7B4A04BF-0D49-44E4-9DE2-302F2B6D4903}.Release|Any CPU.ActiveCfg = Release|Any CPU
		{7B4A04BF-0D49-44E4-9DE2-302F2B6D4903}.Release|Any CPU.Build.0 = Release|Any CPU
		{27B930FA-B4B2-4353-9181-DE52520C3D84}.Debug|Any CPU.ActiveCfg = Debug|Any CPU
		{27B930FA-B4B2-4353-9181-DE52520C3D84}.Debug|Any CPU.Build.0 = Debug|Any CPU
		{27B930FA-B4B2-4353-9181-DE52520C3D84}.Release|Any CPU.ActiveCfg = Release|Any CPU
		{27B930FA-B4B2-4353-9181-DE52520C3D84}.Release|Any CPU.Build.0 = Release|Any CPU
	EndGlobalSection
	GlobalSection(SolutionProperties) = preSolution
		HideSolutionNode = FALSE
	EndGlobalSection
	GlobalSection(NestedProjects) = preSolution
		{CB4BE94E-B9CB-46AB-BB21-A83D3C0916CC} = {63459AE8-7F0D-4ABD-A191-2042F95D44DF}
		{87ED6054-ADB8-4AB9-A908-A36A2DE1A716} = {2880AF10-6D0B-4A9C-99D9-D518FDC55CCD}
		{305D054F-775D-4C42-A20C-912F14673110} = {8595093E-D03A-4A3C-B600-58324EF0D764}
		{1C44BE38-A87A-4861-B0DF-3C016F2A7357} = {8595093E-D03A-4A3C-B600-58324EF0D764}
		{C873FC75-67FA-45DE-AC09-42C204C7DFB0} = {8595093E-D03A-4A3C-B600-58324EF0D764}
		{C227CE6C-A085-4019-B8EE-C8057D2EE1ED} = {489BDF12-F1C8-45ED-9973-536A7DD41774}
		{7B4A04BF-0D49-44E4-9DE2-302F2B6D4903} = {489BDF12-F1C8-45ED-9973-536A7DD41774}
		{27B930FA-B4B2-4353-9181-DE52520C3D84} = {489BDF12-F1C8-45ED-9973-536A7DD41774}
	EndGlobalSection
	GlobalSection(ExtensibilityGlobals) = postSolution
		SolutionGuid = {E7FC4BBB-2B32-4D3E-A8A4-A434FA506450}
	EndGlobalSection
EndGlobal
